
Microsoft Visual Studio Solution File, Format Version 12.00
# Visual Studio Version 17
VisualStudioVersion = 17.9.34607.119
MinimumVisualStudioVersion = 10.0.40219.1
Project("{FAE04EC0-301F-11D3-BF4B-00C04F79EFBC}") = "SudokuSolver", "SudokuSolver\SudokuSolver.csproj", "{777A21D7-299F-47DF-B9A1-2F789C2EDAE3}"
EndProject
Global
	GlobalSection(SolutionConfigurationPlatforms) = preSolution
		Debug|Any CPU = Debug|Any CPU
		Release|Any CPU = Release|Any CPU
	EndGlobalSection
	GlobalSection(ProjectConfigurationPlatforms) = postSolution
		{777A21D7-299F-47DF-B9A1-2F789C2EDAE3}.Debug|Any CPU.ActiveCfg = Debug|Any CPU
		{777A21D7-299F-47DF-B9A1-2F789C2EDAE3}.Debug|Any CPU.Build.0 = Debug|Any CPU
		{777A21D7-299F-47DF-B9A1-2F789C2EDAE3}.Release|Any CPU.ActiveCfg = Release|Any CPU
		{777A21D7-299F-47DF-B9A1-2F789C2EDAE3}.Release|Any CPU.Build.0 = Release|Any CPU
	EndGlobalSection
	GlobalSection(SolutionProperties) = preSolution
		HideSolutionNode = FALSE
	EndGlobalSection
	GlobalSection(ExtensibilityGlobals) = postSolution
		SolutionGuid = {BC55C0A5-E4F6-44C1-A864-E22DB24AF3A9}
	EndGlobalSection
EndGlobal
